
Microsoft Visual Studio Solution File, Format Version 12.00
# Visual Studio Version 16
VisualStudioVersion = 16.0.29911.84
MinimumVisualStudioVersion = 10.0.40219.1
Project("{9A19103F-16F7-4668-BE54-9A1E7A4F7556}") = "baskifyCore", "baskifyCore.csproj", "{DF7F67E0-0121-49D2-B133-14AD58C0A0AD}"
EndProject
Project("{9A19103F-16F7-4668-BE54-9A1E7A4F7556}") = "BaskifyTests", "..\BaskifyTests\BaskifyTests.csproj", "{B12A68EB-C18B-4318-9C33-8C54B12CE45F}"
EndProject
Global
	GlobalSection(SolutionConfigurationPlatforms) = preSolution
		Debug|Any CPU = Debug|Any CPU
		Release|Any CPU = Release|Any CPU
	EndGlobalSection
	GlobalSection(ProjectConfigurationPlatforms) = postSolution
		{DF7F67E0-0121-49D2-B133-14AD58C0A0AD}.Debug|Any CPU.ActiveCfg = Debug|Any CPU
		{DF7F67E0-0121-49D2-B133-14AD58C0A0AD}.Debug|Any CPU.Build.0 = Debug|Any CPU
		{DF7F67E0-0121-49D2-B133-14AD58C0A0AD}.Release|Any CPU.ActiveCfg = Release|Any CPU
		{DF7F67E0-0121-49D2-B133-14AD58C0A0AD}.Release|Any CPU.Build.0 = Release|Any CPU
		{B12A68EB-C18B-4318-9C33-8C54B12CE45F}.Debug|Any CPU.ActiveCfg = Debug|Any CPU
		{B12A68EB-C18B-4318-9C33-8C54B12CE45F}.Debug|Any CPU.Build.0 = Debug|Any CPU
		{B12A68EB-C18B-4318-9C33-8C54B12CE45F}.Release|Any CPU.ActiveCfg = Release|Any CPU
		{B12A68EB-C18B-4318-9C33-8C54B12CE45F}.Release|Any CPU.Build.0 = Release|Any CPU
	EndGlobalSection
	GlobalSection(SolutionProperties) = preSolution
		HideSolutionNode = FALSE
	EndGlobalSection
	GlobalSection(ExtensibilityGlobals) = postSolution
		SolutionGuid = {1B9A589B-7A90-405F-9097-74FA136CB43F}
	EndGlobalSection
EndGlobal
